<?xml version="1.0" encoding="utf-8"?>
<Project ToolsVersion="4.0" xmlns="http://schemas.microsoft.com/developer/msbuild/2003">
  <ItemGroup>
    <Filter Include="Source Files">
      <UniqueIdentifier>{4FC737F1-C7A5-4376-A066-2A32D752A2FF}</UniqueIdentifier>
      <Extensions>cpp;c;cc;cxx;def;odl;idl;hpj;bat;asm;asmx</Extensions>
    </Filter>
    <Filter Include="Header Files">
      <UniqueIdentifier>{93995380-89BD-4b04-88EB-625FBE52EBFB}</UniqueIdentifier>
      <Extensions>h;hh;hpp;hxx;hm;inl;inc;xsd</Extensions>
    </Filter>
    <Filter Include="Resource Files">
      <UniqueIdentifier>{67DA6AB6-F800-4c08-8B7A-83BB121AAD01}</UniqueIdentifier>
      <Extensions>rc;ico;cur;bmp;dlg;rc2;rct;bin;rgs;gif;jpg;jpeg;jpe;resx;tiff;tif;png;wav;mfcribbon-ms</Extensions>
    </Filter>
    <Filter Include="Header Files\Entities">
      <UniqueIdentifier>{efa4984d-6fe0-4f1a-bf07-c1b03f301acb}</UniqueIdentifier>
    </Filter>
    <Filter Include="Source Files\Entities">
      <UniqueIdentifier>{89e9fb73-a3c0-4b5e-a921-dfac085e2c05}</UniqueIdentifier>
    </Filter>
    <Filter Include="Header Files\Player">
      <UniqueIdentifier>{662bc5d9-081d-4954-918c-ede05ef61edb}</UniqueIdentifier>
    </Filter>
    <Filter Include="Source Files\Player">
      <UniqueIdentifier>{6b454fe3-7fba-4cf4-aea7-2beebe22fb8a}</UniqueIdentifier>
    </Filter>
    <Filter Include="Source Files\Player\AI">
      <UniqueIdentifier>{fcd95d2a-6770-44b3-a8c6-a4d2d160d60e}</UniqueIdentifier>
    </Filter>
    <Filter Include="Header Files\Player\AI">
      <UniqueIdentifier>{9085895b-5a71-4906-bf6d-5d69416b7e77}</UniqueIdentifier>
    </Filter>
    <Filter Include="Header Files\Game">
      <UniqueIdentifier>{f2bda1d3-b0c7-4f83-8103-b07e30d71505}</UniqueIdentifier>
    </Filter>
    <Filter Include="Source Files\Game">
      <UniqueIdentifier>{8ec03194-cc58-4a33-b829-c6b5cd04f657}</UniqueIdentifier>
    </Filter>
    <Filter Include="Header Files\REntities">
      <UniqueIdentifier>{42a7e74a-7d40-4c29-95af-4f3cb6a02cac}</UniqueIdentifier>
    </Filter>
    <Filter Include="Source Files\REntities">
      <UniqueIdentifier>{0e82b7ca-b6a4-415e-a2a0-b95d6ded47ab}</UniqueIdentifier>
    </Filter>
    <Filter Include="Header Files\Menu">
      <UniqueIdentifier>{a72cba36-ca77-4365-a120-a595e8d94d00}</UniqueIdentifier>
    </Filter>
    <Filter Include="Source Files\Menu">
      <UniqueIdentifier>{ad006007-0ed7-43ae-b100-00ebd8a6f333}</UniqueIdentifier>
    </Filter>
  </ItemGroup>
  <ItemGroup>
    <ClCompile Include="MeepleBag.cpp">
      <Filter>Source Files\Entities</Filter>
    </ClCompile>
    <ClCompile Include="Meeple.cpp">
      <Filter>Source Files\Entities</Filter>
    </ClCompile>
    <ClCompile Include="RandomAI.cpp">
      <Filter>Source Files\Player\AI</Filter>
    </ClCompile>
    <ClCompile Include="main.cpp">
      <Filter>Source Files</Filter>
    </ClCompile>
    <ClCompile Include="I_Player.cpp">
      <Filter>Source Files\Player</Filter>
    </ClCompile>
    <ClCompile Include="Game.cpp">
      <Filter>Source Files\Game</Filter>
    </ClCompile>
    <ClCompile Include="StupidAI.cpp">
      <Filter>Source Files\Player\AI</Filter>
    </ClCompile>
    <ClCompile Include="Player.cpp">
      <Filter>Source Files\Player</Filter>
    </ClCompile>
    <ClCompile Include="ThinkingAI.cpp">
      <Filter>Source Files\Player\AI</Filter>
    </ClCompile>
    <ClCompile Include="Board.cpp">
      <Filter>Source Files\Entities</Filter>
    </ClCompile>
    <ClCompile Include="GameSimulator.cpp">
      <Filter>Source Files\Game</Filter>
    </ClCompile>
    <ClCompile Include="Config.cpp">
      <Filter>Source Files</Filter>
    </ClCompile>
    <ClCompile Include="Menu.cpp">
      <Filter>Source Files\Menu</Filter>
    </ClCompile>
    <ClCompile Include="SmartAI.cpp">
      <Filter>Source Files\Player\AI</Filter>
    </ClCompile>
    <ClCompile Include="ThreadedGameSimulator.cpp">
      <Filter>Source Files\Game</Filter>
    </ClCompile>
    <ClCompile Include="ThreadController.cpp">
      <Filter>Source Files\Player</Filter>
    </ClCompile>
    <ClCompile Include="Helper.cpp">
      <Filter>Source Files</Filter>
    </ClCompile>
    <ClCompile Include="RMeeple.cpp">
      <Filter>Source Files\REntities</Filter>
    </ClCompile>
  </ItemGroup>
  <ItemGroup>
    <ClInclude Include="helper.h">
      <Filter>Header Files</Filter>
    </ClInclude>
    <ClInclude Include="MeepleBag.h">
      <Filter>Header Files\Entities</Filter>
    </ClInclude>
    <ClInclude Include="Meeple.h">
      <Filter>Header Files\Entities</Filter>
    </ClInclude>
    <ClInclude Include="config.h">
      <Filter>Header Files</Filter>
    </ClInclude>
    <ClInclude Include="RandomAI.h">
      <Filter>Header Files\Player\AI</Filter>
    </ClInclude>
    <ClInclude Include="I_Player.h">
      <Filter>Header Files\Player</Filter>
    </ClInclude>
    <ClInclude Include="I_AI.h">
      <Filter>Header Files\Player\AI</Filter>
    </ClInclude>
    <ClInclude Include="Game.h">
      <Filter>Header Files\Game</Filter>
    </ClInclude>
    <ClInclude Include="StupidAI.h">
      <Filter>Header Files\Player\AI</Filter>
    </ClInclude>
    <ClInclude Include="Player.h">
      <Filter>Header Files\Player</Filter>
    </ClInclude>
    <ClInclude Include="ThinkingAI.h">
      <Filter>Header Files\Player\AI</Filter>
    </ClInclude>
    <ClInclude Include="Board.h">
      <Filter>Header Files\Entities</Filter>
    </ClInclude>
    <ClInclude Include="RMeeple.h">
      <Filter>Header Files\REntities</Filter>
    </ClInclude>
    <ClInclude Include="GameSimulator.h">
      <Filter>Header Files\Game</Filter>
    </ClInclude>
    <ClInclude Include="Menu.h">
      <Filter>Header Files\Menu</Filter>
    </ClInclude>
    <ClInclude Include="SmartAI.h">
      <Filter>Header Files\Player\AI</Filter>
    </ClInclude>
    <ClInclude Include="ThreadedGameSimulator.h">
      <Filter>Header Files\Game</Filter>
    </ClInclude>
    <ClInclude Include="ThreadController.h">
      <Filter>Header Files\Player</Filter>
    </ClInclude>
  </ItemGroup>
  <ItemGroup>
    <Image Include="..\add.png">
      <Filter>Resource Files</Filter>
    </Image>
    <Image Include="Resources\field.png">
      <Filter>Resource Files</Filter>
    </Image>
  </ItemGroup>
</Project>